
Microsoft Visual Studio Solution File, Format Version 12.00
# Visual Studio Version 16
VisualStudioVersion = 16.0.31019.35
MinimumVisualStudioVersion = 10.0.40219.1
Project("{9A19103F-16F7-4668-BE54-9A1E7A4F7556}") = "API1", "ProjetoDatumTI\API1.csproj", "{1281DE55-A879-42C2-81FB-6E5CD256E79F}"
EndProject
Project("{9A19103F-16F7-4668-BE54-9A1E7A4F7556}") = "API2", "API2\API2.csproj", "{CCF8E5A8-ECF4-4D6A-8650-81D305BEEB8A}"
	ProjectSection(ProjectDependencies) = postProject
		{1281DE55-A879-42C2-81FB-6E5CD256E79F} = {1281DE55-A879-42C2-81FB-6E5CD256E79F}
	EndProjectSection
EndProject
Global
	GlobalSection(SolutionConfigurationPlatforms) = preSolution
		Debug|Any CPU = Debug|Any CPU
		Release|Any CPU = Release|Any CPU
	EndGlobalSection
	GlobalSection(ProjectConfigurationPlatforms) = postSolution
		{1281DE55-A879-42C2-81FB-6E5CD256E79F}.Debug|Any CPU.ActiveCfg = Debug|Any CPU
		{1281DE55-A879-42C2-81FB-6E5CD256E79F}.Debug|Any CPU.Build.0 = Debug|Any CPU
		{1281DE55-A879-42C2-81FB-6E5CD256E79F}.Release|Any CPU.ActiveCfg = Release|Any CPU
		{1281DE55-A879-42C2-81FB-6E5CD256E79F}.Release|Any CPU.Build.0 = Release|Any CPU
		{CCF8E5A8-ECF4-4D6A-8650-81D305BEEB8A}.Debug|Any CPU.ActiveCfg = Debug|Any CPU
		{CCF8E5A8-ECF4-4D6A-8650-81D305BEEB8A}.Debug|Any CPU.Build.0 = Debug|Any CPU
		{CCF8E5A8-ECF4-4D6A-8650-81D305BEEB8A}.Release|Any CPU.ActiveCfg = Release|Any CPU
		{CCF8E5A8-ECF4-4D6A-8650-81D305BEEB8A}.Release|Any CPU.Build.0 = Release|Any CPU
	EndGlobalSection
	GlobalSection(SolutionProperties) = preSolution
		HideSolutionNode = FALSE
	EndGlobalSection
	GlobalSection(ExtensibilityGlobals) = postSolution
		SolutionGuid = {8E2C80F8-8F21-4001-8A5F-366E0CDBE18D}
	EndGlobalSection
EndGlobal
